// !$*UTF8*$!
{
	archiveVersion = 1;
	classes = {
	};
	objectVersion = 46;
	objects = {

/* Begin PBXBuildFile section */
		E208D0EA1ECA996500888026 /* AppDelegate.swift in Sources */ = {isa = PBXBuildFile; fileRef = E208D0E91ECA996500888026 /* AppDelegate.swift */; };
		E208D0EC1ECA996500888026 /* ViewController.swift in Sources */ = {isa = PBXBuildFile; fileRef = E208D0EB1ECA996500888026 /* ViewController.swift */; };
		E208D0EF1ECA996500888026 /* Main.storyboard in Resources */ = {isa = PBXBuildFile; fileRef = E208D0ED1ECA996500888026 /* Main.storyboard */; };
		E208D0F11ECA996500888026 /* Assets.xcassets in Resources */ = {isa = PBXBuildFile; fileRef = E208D0F01ECA996500888026 /* Assets.xcassets */; };
		E208D0F41ECA996500888026 /* LaunchScreen.storyboard in Resources */ = {isa = PBXBuildFile; fileRef = E208D0F21ECA996500888026 /* LaunchScreen.storyboard */; };
		E208D0FF1ECA9A3200888026 /* Blood.png in Resources */ = {isa = PBXBuildFile; fileRef = E208D0FC1ECA9A3200888026 /* Blood.png */; };
		E208D1001ECA9A3200888026 /* Moon.png in Resources */ = {isa = PBXBuildFile; fileRef = E208D0FD1ECA9A3200888026 /* Moon.png */; };
		E208D1011ECA9A3200888026 /* Sun.png in Resources */ = {isa = PBXBuildFile; fileRef = E208D0FE1ECA9A3200888026 /* Sun.png */; };
/* End PBXBuildFile section */

/* Begin PBXFileReference section */
		E208D0E61ECA996500888026 /* iWeather.app */ = {isa = PBXFileReference; explicitFileType = wrapper.application; includeInIndex = 0; path = iWeather.app; sourceTree = BUILT_PRODUCTS_DIR; };
		E208D0E91ECA996500888026 /* AppDelegate.swift */ = {isa = PBXFileReference; lastKnownFileType = sourcecode.swift; path = AppDelegate.swift; sourceTree = "<group>"; };
		E208D0EB1ECA996500888026 /* ViewController.swift */ = {isa = PBXFileReference; lastKnownFileType = sourcecode.swift; path = ViewController.swift; sourceTree = "<group>"; };
		E208D0EE1ECA996500888026 /* Base */ = {isa = PBXFileReference; lastKnownFileType = file.storyboard; name = Base; path = Base.lproj/Main.storyboard; sourceTree = "<group>"; };
		E208D0F01ECA996500888026 /* Assets.xcassets */ = {isa = PBXFileReference; lastKnownFileType = folder.assetcatalog; path = Assets.xcassets; sourceTree = "<group>"; };
		E208D0F31ECA996500888026 /* Base */ = {isa = PBXFileReference; lastKnownFileType = file.storyboard; name = Base; path = Base.lproj/LaunchScreen.storyboard; sourceTree = "<group>"; };
		E208D0F51ECA996500888026 /* Info.plist */ = {isa = PBXFileReference; lastKnownFileType = text.plist.xml; path = Info.plist; sourceTree = "<group>"; };
		E208D0FC1ECA9A3200888026 /* Blood.png */ = {isa = PBXFileReference; lastKnownFileType = image.png; path = Blood.png; sourceTree = "<group>"; };
		E208D0FD1ECA9A3200888026 /* Moon.png */ = {isa = PBXFileReference; lastKnownFileType = image.png; path = Moon.png; sourceTree = "<group>"; };
		E208D0FE1ECA9A3200888026 /* Sun.png */ = {isa = PBXFileReference; lastKnownFileType = image.png; path = Sun.png; sourceTree = "<group>"; };
/* End PBXFileReference section */

/* Begin PBXFrameworksBuildPhase section */
		E208D0E31ECA996500888026 /* Frameworks */ = {
			isa = PBXFrameworksBuildPhase;
			buildActionMask = 2147483647;
			files = (
			);
			runOnlyForDeploymentPostprocessing = 0;
		};
/* End PBXFrameworksBuildPhase section */

/* Begin PBXGroup section */
		E208D0DD1ECA996500888026 = {
			isa = PBXGroup;
			children = (
				E208D0E81ECA996500888026 /* iWeather */,
				E208D0E71ECA996500888026 /* Products */,
			);
			sourceTree = "<group>";
		};
		E208D0E71ECA996500888026 /* Products */ = {
			isa = PBXGroup;
			children = (
				E208D0E61ECA996500888026 /* iWeather.app */,
			);
			name = Products;
			sourceTree = "<group>";
		};
		E208D0E81ECA996500888026 /* iWeather */ = {
			isa = PBXGroup;
			children = (
				E208D0E91ECA996500888026 /* AppDelegate.swift */,
				E208D0EB1ECA996500888026 /* ViewController.swift */,
				E208D0ED1ECA996500888026 /* Main.storyboard */,
				E208D0F01ECA996500888026 /* Assets.xcassets */,
				E208D0FB1ECA9A3200888026 /* Background Images */,
				E208D0F21ECA996500888026 /* LaunchScreen.storyboard */,
				E208D0F51ECA996500888026 /* Info.plist */,
			);
			path = iWeather;
			sourceTree = "<group>";
		};
		E208D0FB1ECA9A3200888026 /* Background Images */ = {
			isa = PBXGroup;
			children = (
				E208D0FC1ECA9A3200888026 /* Blood.png */,
				E208D0FD1ECA9A3200888026 /* Moon.png */,
				E208D0FE1ECA9A3200888026 /* Sun.png */,
			);
			path = "Background Images";
			sourceTree = "<group>";
		};
/* End PBXGroup section */

/* Begin PBXNativeTarget section */
		E208D0E51ECA996500888026 /* iWeather */ = {
			isa = PBXNativeTarget;
			buildConfigurationList = E208D0F81ECA996500888026 /* Build configuration list for PBXNativeTarget "iWeather" */;
			buildPhases = (
				E208D0E21ECA996500888026 /* Sources */,
				E208D0E31ECA996500888026 /* Frameworks */,
				E208D0E41ECA996500888026 /* Resources */,
			);
			buildRules = (
			);
			dependencies = (
			);
			name = iWeather;
			productName = iWeather;
			productReference = E208D0E61ECA996500888026 /* iWeather.app */;
			productType = "com.apple.product-type.application";
		};
/* End PBXNativeTarget section */

/* Begin PBXProject section */
		E208D0DE1ECA996500888026 /* Project object */ = {
			isa = PBXProject;
			attributes = {
				LastSwiftUpdateCheck = 0830;
				LastUpgradeCheck = 0830;
				ORGANIZATIONNAME = techmaster;
				TargetAttributes = {
					E208D0E51ECA996500888026 = {
						CreatedOnToolsVersion = 8.3.1;
						ProvisioningStyle = Automatic;
					};
				};
			};
			buildConfigurationList = E208D0E11ECA996500888026 /* Build configuration list for PBXProject "iWeather" */;
			compatibilityVersion = "Xcode 3.2";
			developmentRegion = English;
			hasScannedForEncodings = 0;
			knownRegions = (
				en,
				Base,
			);
			mainGroup = E208D0DD1ECA996500888026;
			productRefGroup = E208D0E71ECA996500888026 /* Products */;
			projectDirPath = "";
			projectRoot = "";
			targets = (
				E208D0E51ECA996500888026 /* iWeather */,
			);
		};
/* End PBXProject section */

/* Begin PBXResourcesBuildPhase section */
		E208D0E41ECA996500888026 /* Resources */ = {
			isa = PBXResourcesBuildPhase;
			buildActionMask = 2147483647;
			files = (
				E208D1011ECA9A3200888026 /* Sun.png in Resources */,
				E208D0FF1ECA9A3200888026 /* Blood.png in Resources */,
				E208D0F41ECA996500888026 /* LaunchScreen.storyboard in Resources */,
				E208D1001ECA9A3200888026 /* Moon.png in Resources */,
				E208D0F11ECA996500888026 /* Assets.xcassets in Resources */,
				E208D0EF1ECA996500888026 /* Main.storyboard in Resources */,
			);
			runOnlyForDeploymentPostprocessing = 0;
		};
/* End PBXResourcesBuildPhase section */

/* Begin PBXSourcesBuildPhase section */
		E208D0E21ECA996500888026 /* Sources */ = {
			isa = PBXSourcesBuildPhase;
			buildActionMask = 2147483647;
			files = (
				E208D0EC1ECA996500888026 /* ViewController.swift in Sources */,
				E208D0EA1ECA996500888026 /* AppDelegate.swift in Sources */,
			);
			runOnlyForDeploymentPostprocessing = 0;
		};
/* End PBXSourcesBuildPhase section */

/* Begin PBXVariantGroup section */
		E208D0ED1ECA996500888026 /* Main.storyboard */ = {
			isa = PBXVariantGroup;
			children = (
				E208D0EE1ECA996500888026 /* Base */,
			);
			name = Main.storyboard;
			sourceTree = "<group>";
		};
		E208D0F21ECA996500888026 /* LaunchScreen.storyboard */ = {
			isa = PBXVariantGroup;
			children = (
				E208D0F31ECA996500888026 /* Base */,
			);
			name = LaunchScreen.storyboard;
			sourceTree = "<group>";
		};
/* End PBXVariantGroup section */

/* Begin XCBuildConfiguration section */
		E208D0F61ECA996500888026 /* Debug */ = {
			isa = XCBuildConfiguration;
			buildSettings = {
				ALWAYS_SEARCH_USER_PATHS = NO;
				CLANG_ANALYZER_NONNULL = YES;
				CLANG_ANALYZER_NUMBER_OBJECT_CONVERSION = YES_AGGRESSIVE;
				CLANG_CXX_LANGUAGE_STANDARD = "gnu++0x";
				CLANG_CXX_LIBRARY = "libc++";
				CLANG_ENABLE_MODULES = YES;
				CLANG_ENABLE_OBJC_ARC = YES;
				CLANG_WARN_BOOL_CONVERSION = YES;
				CLANG_WARN_CONSTANT_CONVERSION = YES;
				CLANG_WARN_DIRECT_OBJC_ISA_USAGE = YES_ERROR;
				CLANG_WARN_DOCUMENTATION_COMMENTS = YES;
				CLANG_WARN_EMPTY_BODY = YES;
				CLANG_WARN_ENUM_CONVERSION = YES;
				CLANG_WARN_INFINITE_RECURSION = YES;
				CLANG_WARN_INT_CONVERSION = YES;
				CLANG_WARN_OBJC_ROOT_CLASS = YES_ERROR;
				CLANG_WARN_SUSPICIOUS_MOVE = YES;
				CLANG_WARN_UNREACHABLE_CODE = YES;
				CLANG_WARN__DUPLICATE_METHOD_MATCH = YES;
				"CODE_SIGN_IDENTITY[sdk=iphoneos*]" = "iPhone Developer";
				COPY_PHASE_STRIP = NO;
				DEBUG_INFORMATION_FORMAT = dwarf;
				ENABLE_STRICT_OBJC_MSGSEND = YES;
				ENABLE_TESTABILITY = YES;
				GCC_C_LANGUAGE_STANDARD = gnu99;
				GCC_DYNAMIC_NO_PIC = NO;
				GCC_NO_COMMON_BLOCKS = YES;
				GCC_OPTIMIZATION_LEVEL = 0;
				GCC_PREPROCESSOR_DEFINITIONS = (
					"DEBUG=1",
					"$(inherited)",
				);
				GCC_WARN_64_TO_32_BIT_CONVERSION = YES;
				GCC_WARN_ABOUT_RETURN_TYPE = YES_ERROR;
				GCC_WARN_UNDECLARED_SELECTOR = YES;
				GCC_WARN_UNINITIALIZED_AUTOS = YES_AGGRESSIVE;
				GCC_WARN_UNUSED_FUNCTION = YES;
				GCC_WARN_UNUSED_VARIABLE = YES;
				IPHONEOS_DEPLOYMENT_TARGET = 10.3;
				MTL_ENABLE_DEBUG_INFO = YES;
				ONLY_ACTIVE_ARCH = YES;
				SDKROOT = iphoneos;
				SWIFT_ACTIVE_COMPILATION_CONDITIONS = DEBUG;
				SWIFT_OPTIMIZATION_LEVEL = "-Onone";
				TARGETED_DEVICE_FAMILY = "1,2";
			};
			name = Debug;
		};
		E208D0F71ECA996500888026 /* Release */ = {
			isa = XCBuildConfiguration;
			buildSettings = {
				ALWAYS_SEARCH_USER_PATHS = NO;
				CLANG_ANALYZER_NONNULL = YES;
				CLANG_ANALYZER_NUMBER_OBJECT_CONVERSION = YES_AGGRESSIVE;
				CLANG_CXX_LANGUAGE_STANDARD = "gnu++0x";
				CLANG_CXX_LIBRARY = "libc++";
				CLANG_ENABLE_MODULES = YES;
				CLANG_ENABLE_OBJC_ARC = YES;
				CLANG_WARN_BOOL_CONVERSION = YES;
				CLANG_WARN_CONSTANT_CONVERSION = YES;
				CLANG_WARN_DIRECT_OBJC_ISA_USAGE = YES_ERROR;
				CLANG_WARN_DOCUMENTATION_COMMENTS = YES;
				CLANG_WARN_EMPTY_BODY = YES;
				CLANG_WARN_ENUM_CONVERSION = YES;
				CLANG_WARN_INFINITE_RECURSION = YES;
				CLANG_WARN_INT_CONVERSION = YES;
				CLANG_WARN_OBJC_ROOT_CLASS = YES_ERROR;
				CLANG_WARN_SUSPICIOUS_MOVE = YES;
				CLANG_WARN_UNREACHABLE_CODE = YES;
				CLANG_WARN__DUPLICATE_METHOD_MATCH = YES;
				"CODE_SIGN_IDENTITY[sdk=iphoneos*]" = "iPhone Developer";
				COPY_PHASE_STRIP = NO;
				DEBUG_INFORMATION_FORMAT = "dwarf-with-dsym";
				ENABLE_NS_ASSERTIONS = NO;
				ENABLE_STRICT_OBJC_MSGSEND = YES;
				GCC_C_LANGUAGE_STANDARD = gnu99;
				GCC_NO_COMMON_BLOCKS = YES;
				GCC_WARN_64_TO_32_BIT_CONVERSION = YES;
				GCC_WARN_ABOUT_RETURN_TYPE = YES_ERROR;
				GCC_WARN_UNDECLARED_SELECTOR = YES;
				GCC_WARN_UNINITIALIZED_AUTOS = YES_AGGRESSIVE;
				GCC_WARN_UNUSED_FUNCTION = YES;
				GCC_WARN_UNUSED_VARIABLE = YES;
				IPHONEOS_DEPLOYMENT_TARGET = 10.3;
				MTL_ENABLE_DEBUG_INFO = NO;
				SDKROOT = iphoneos;
				SWIFT_OPTIMIZATION_LEVEL = "-Owholemodule";
				TARGETED_DEVICE_FAMILY = "1,2";
				VALIDATE_PRODUCT = YES;
			};
			name = Release;
		};
		E208D0F91ECA996500888026 /* Debug */ = {
			isa = XCBuildConfiguration;
			buildSettings = {
				ASSETCATALOG_COMPILER_APPICON_NAME = AppIcon;
				INFOPLIST_FILE = iWeather/Info.plist;
				LD_RUNPATH_SEARCH_PATHS = "$(inherited) @executable_path/Frameworks";
				PRODUCT_BUNDLE_IDENTIFIER = techmaster.iWeather;
				PRODUCT_NAME = "$(TARGET_NAME)";
				SWIFT_VERSION = 3.0;
			};
			name = Debug;
		};
		E208D0FA1ECA996500888026 /* Release */ = {
			isa = XCBuildConfiguration;
			buildSettings = {
				ASSETCATALOG_COMPILER_APPICON_NAME = AppIcon;
				INFOPLIST_FILE = iWeather/Info.plist;
				LD_RUNPATH_SEARCH_PATHS = "$(inherited) @executable_path/Frameworks";
				PRODUCT_BUNDLE_IDENTIFIER = techmaster.iWeather;
				PRODUCT_NAME = "$(TARGET_NAME)";
				SWIFT_VERSION = 3.0;
			};
			name = Release;
		};
/* End XCBuildConfiguration section */

/* Begin XCConfigurationList section */
		E208D0E11ECA996500888026 /* Build configuration list for PBXProject "iWeather" */ = {
			isa = XCConfigurationList;
			buildConfigurations = (
				E208D0F61ECA996500888026 /* Debug */,
				E208D0F71ECA996500888026 /* Release */,
			);
			defaultConfigurationIsVisible = 0;
			defaultConfigurationName = Release;
		};
		E208D0F81ECA996500888026 /* Build configuration list for PBXNativeTarget "iWeather" */ = {
			isa = XCConfigurationList;
			buildConfigurations = (
				E208D0F91ECA996500888026 /* Debug */,
				E208D0FA1ECA996500888026 /* Release */,
			);
			defaultConfigurationIsVisible = 0;
		};
/* End XCConfigurationList section */
	};
	rootObject = E208D0DE1ECA996500888026 /* Project object */;
}
